
Microsoft Visual Studio Solution File, Format Version 12.00
Project("{FAE04EC0-301F-11D3-BF4B-00C04F79EFBC}") = "SmartCity.DataLayer.UserService", "src\DataLayer\SmartCity.DataLayer.UserService\SmartCity.DataLayer.UserService.csproj", "{EC3CE183-1F7D-4F78-8C4A-F45381D18BD5}"
EndProject
Project("{FAE04EC0-301F-11D3-BF4B-00C04F79EFBC}") = "SmartCity.Shared.Common", "Shared\SmartCity.Shared.Common\SmartCity.Shared.Common.csproj", "{AE0515AD-6AC0-49CD-98FA-62CCA81B6A66}"
EndProject
Project("{FAE04EC0-301F-11D3-BF4B-00C04F79EFBC}") = "SmartCity.Shared.Security", "Shared\SmartCity.Shared.Security\SmartCity.Shared.Security.csproj", "{01A3C835-C624-4DA8-BB99-4F2FB5B626A3}"
EndProject
Project("{FAE04EC0-301F-11D3-BF4B-00C04F79EFBC}") = "SmartCity.UserManagement.Core", "src\Services\UserManagement\SmartCity.UserManagement.Core\SmartCity.UserManagement.Core.csproj", "{8F8DD39A-7B9D-4270-9D50-617516F36405}"
EndProject
Project("{FAE04EC0-301F-11D3-BF4B-00C04F79EFBC}") = "SmartCity.UserManagement.Infrastructure", "src\Services\UserManagement\SmartCity.UserManagement.Infrastructure\SmartCity.UserManagement.Infrastructure.csproj", "{7F7A6E95-2E24-474A-BA1C-84E4D19523F8}"
EndProject
Project("{FAE04EC0-301F-11D3-BF4B-00C04F79EFBC}") = "SmartCity.UserManagement.API", "src\Services\UserManagement\SmartCity.UserManagement.API\SmartCity.UserManagement.API.csproj", "{0F65D302-1857-4D89-9957-DA41C6DC24B2}"
EndProject
Project("{FAE04EC0-301F-11D3-BF4B-00C04F79EFBC}") = "SmartCity.DataLayer.VehicleService", "src\DataLayer\SmartCity.DataLayer.VehicleService\SmartCity.DataLayer.VehicleService.csproj", "{6F05C96C-4862-46E0-B1A9-83397D6B03FF}"
EndProject
Project("{FAE04EC0-301F-11D3-BF4B-00C04F79EFBC}") = "SmartCity.VehicleManagement.Core", "src\Services\VehicleManagement\SmartCity.VehicleManagement.Core\SmartCity.VehicleManagement.Core.csproj", "{36AB0C95-7050-47CB-BCE6-2507E9DB86F2}"
EndProject
Project("{FAE04EC0-301F-11D3-BF4B-00C04F79EFBC}") = "SmartCity.VehicleManagement.API", "src\Services\VehicleManagement\SmartCity.VehicleManagement.API\SmartCity.VehicleManagement.API.csproj", "{6BC564C2-C97B-4A29-A0E8-69D2279B2CA4}"
EndProject
Project("{FAE04EC0-301F-11D3-BF4B-00C04F79EFBC}") = "SmartCity.DataLayer.TripService", "src\DataLayer\SmartCity.DataLayer.TripService\SmartCity.DataLayer.TripService.csproj", "{E1B403C9-5EFE-4D08-BAD4-352E394641BE}"
EndProject
Project("{FAE04EC0-301F-11D3-BF4B-00C04F79EFBC}") = "SmartCity.TripManagement.Core", "src\Services\TripManagement\SmartCity.TripManagement.Core\SmartCity.TripManagement.Core.csproj", "{4113F965-0480-4243-BC6B-15A7B9910114}"
EndProject
Project("{FAE04EC0-301F-11D3-BF4B-00C04F79EFBC}") = "SmartCity.TripManagement.API", "src\Services\TripManagement\SmartCity.TripManagement.API\SmartCity.TripManagement.API.csproj", "{D35E8CD8-B065-48B2-A7AF-61D1A4305137}"
EndProject
Project("{FAE04EC0-301F-11D3-BF4B-00C04F79EFBC}") = "SmartCity.DataLayer.PaymentService", "src\DataLayer\SmartCity.DataLayer.PaymentService\SmartCity.DataLayer.PaymentService.csproj", "{9813E265-C006-4300-A24F-638873BF61A3}"
EndProject
Project("{FAE04EC0-301F-11D3-BF4B-00C04F79EFBC}") = "SmartCity.PaymentService.Core", "src\Services\PaymentService\SmartCity.PaymentService.Core\SmartCity.PaymentService.Core.csproj", "{C225EDAC-A46C-45D0-85BF-7553357CDCDA}"
EndProject
Project("{FAE04EC0-301F-11D3-BF4B-00C04F79EFBC}") = "SmartCity.PaymentService.API", "src\Services\PaymentService\SmartCity.PaymentService.API\SmartCity.PaymentService.API.csproj", "{CDDFE2A6-064D-46D9-A0AD-E3D87276E20A}"
EndProject
Project("{FAE04EC0-301F-11D3-BF4B-00C04F79EFBC}") = "SmartCity.DataLayer.IoTService", "src\DataLayer\SmartCity.DataLayer.IoTService\SmartCity.DataLayer.IoTService.csproj", "{A593155D-9765-417E-980F-3C42473F0A53}"
EndProject
Project("{FAE04EC0-301F-11D3-BF4B-00C04F79EFBC}") = "SmartCity.IoTService.Core", "src\Services\IotService\SmartCity.IoTService.Core\SmartCity.IoTService.Core.csproj", "{1F8FFD23-64A1-4640-BABA-6F3C76A563A5}"
EndProject
Project("{FAE04EC0-301F-11D3-BF4B-00C04F79EFBC}") = "SmartCity.IoTService.API", "src\Services\IotService\SmartCity.IoTService.API\SmartCity.IoTService.API.csproj", "{2FC9662B-1492-4B31-B0AF-886B09E8D415}"
EndProject
Project("{FAE04EC0-301F-11D3-BF4B-00C04F79EFBC}") = "SmartCity.DataLayer.AnalyticsService", "src\DataLayer\SmartCity.DataLayer.AnalyticsService\SmartCity.DataLayer.AnalyticsService.csproj", "{85FF2508-A7D0-45DD-A502-97B44FF738A6}"
EndProject
Project("{FAE04EC0-301F-11D3-BF4B-00C04F79EFBC}") = "SmartCity.AnalyticsService.Core", "src\Services\AnalyticsService\SmartCity.AnalyticsService.Core\SmartCity.AnalyticsService.Core.csproj", "{F373733D-6E55-4B32-85DF-E0B7131F9EE4}"
EndProject
Project("{FAE04EC0-301F-11D3-BF4B-00C04F79EFBC}") = "SmartCity.AnalyticsService.API", "src\Services\AnalyticsService\SmartCity.AnalyticsService.API\SmartCity.AnalyticsService.API.csproj", "{548A7A6F-4874-4A81-9B85-ECE45F855E37}"
EndProject
Project("{FAE04EC0-301F-11D3-BF4B-00C04F79EFBC}") = "SmartCity.Weather.Core", "src\Services\Weather\SmartCity.Weather.Core\SmartCity.Weather.Core.csproj", "{9CFB22D3-A9C1-48D4-A505-6BA2B1874211}"
EndProject
Project("{FAE04EC0-301F-11D3-BF4B-00C04F79EFBC}") = "SmartCity.Weather.API", "src\Services\Weather\SmartCity.Weather.API\SmartCity.Weather.API.csproj", "{5D7714B1-8F3B-4363-B139-A308AA5D2DE9}"
EndProject
Project("{FAE04EC0-301F-11D3-BF4B-00C04F79EFBC}") = "SmartCity.ApiGateway", "src\Services\Gateway\SmartCity.ApiGateway\SmartCity.ApiGateway.csproj", "{824231E5-6CA5-404B-95FA-81D45BFE5CC1}"
EndProject
Global
	GlobalSection(SolutionConfigurationPlatforms) = preSolution
		Debug|Any CPU = Debug|Any CPU
		Release|Any CPU = Release|Any CPU
	EndGlobalSection
	GlobalSection(ProjectConfigurationPlatforms) = postSolution
		{EC3CE183-1F7D-4F78-8C4A-F45381D18BD5}.Debug|Any CPU.ActiveCfg = Debug|Any CPU
		{EC3CE183-1F7D-4F78-8C4A-F45381D18BD5}.Debug|Any CPU.Build.0 = Debug|Any CPU
		{EC3CE183-1F7D-4F78-8C4A-F45381D18BD5}.Release|Any CPU.ActiveCfg = Release|Any CPU
		{EC3CE183-1F7D-4F78-8C4A-F45381D18BD5}.Release|Any CPU.Build.0 = Release|Any CPU
		{AE0515AD-6AC0-49CD-98FA-62CCA81B6A66}.Debug|Any CPU.ActiveCfg = Debug|Any CPU
		{AE0515AD-6AC0-49CD-98FA-62CCA81B6A66}.Debug|Any CPU.Build.0 = Debug|Any CPU
		{AE0515AD-6AC0-49CD-98FA-62CCA81B6A66}.Release|Any CPU.ActiveCfg = Release|Any CPU
		{AE0515AD-6AC0-49CD-98FA-62CCA81B6A66}.Release|Any CPU.Build.0 = Release|Any CPU
		{01A3C835-C624-4DA8-BB99-4F2FB5B626A3}.Debug|Any CPU.ActiveCfg = Debug|Any CPU
		{01A3C835-C624-4DA8-BB99-4F2FB5B626A3}.Debug|Any CPU.Build.0 = Debug|Any CPU
		{01A3C835-C624-4DA8-BB99-4F2FB5B626A3}.Release|Any CPU.ActiveCfg = Release|Any CPU
		{01A3C835-C624-4DA8-BB99-4F2FB5B626A3}.Release|Any CPU.Build.0 = Release|Any CPU
		{8F8DD39A-7B9D-4270-9D50-617516F36405}.Debug|Any CPU.ActiveCfg = Debug|Any CPU
		{8F8DD39A-7B9D-4270-9D50-617516F36405}.Debug|Any CPU.Build.0 = Debug|Any CPU
		{8F8DD39A-7B9D-4270-9D50-617516F36405}.Release|Any CPU.ActiveCfg = Release|Any CPU
		{8F8DD39A-7B9D-4270-9D50-617516F36405}.Release|Any CPU.Build.0 = Release|Any CPU
		{7F7A6E95-2E24-474A-BA1C-84E4D19523F8}.Debug|Any CPU.ActiveCfg = Debug|Any CPU
		{7F7A6E95-2E24-474A-BA1C-84E4D19523F8}.Debug|Any CPU.Build.0 = Debug|Any CPU
		{7F7A6E95-2E24-474A-BA1C-84E4D19523F8}.Release|Any CPU.ActiveCfg = Release|Any CPU
		{7F7A6E95-2E24-474A-BA1C-84E4D19523F8}.Release|Any CPU.Build.0 = Release|Any CPU
		{0F65D302-1857-4D89-9957-DA41C6DC24B2}.Debug|Any CPU.ActiveCfg = Debug|Any CPU
		{0F65D302-1857-4D89-9957-DA41C6DC24B2}.Debug|Any CPU.Build.0 = Debug|Any CPU
		{0F65D302-1857-4D89-9957-DA41C6DC24B2}.Release|Any CPU.ActiveCfg = Release|Any CPU
		{0F65D302-1857-4D89-9957-DA41C6DC24B2}.Release|Any CPU.Build.0 = Release|Any CPU
		{6F05C96C-4862-46E0-B1A9-83397D6B03FF}.Debug|Any CPU.ActiveCfg = Debug|Any CPU
		{6F05C96C-4862-46E0-B1A9-83397D6B03FF}.Debug|Any CPU.Build.0 = Debug|Any CPU
		{6F05C96C-4862-46E0-B1A9-83397D6B03FF}.Release|Any CPU.ActiveCfg = Release|Any CPU
		{6F05C96C-4862-46E0-B1A9-83397D6B03FF}.Release|Any CPU.Build.0 = Release|Any CPU
		{36AB0C95-7050-47CB-BCE6-2507E9DB86F2}.Debug|Any CPU.ActiveCfg = Debug|Any CPU
		{36AB0C95-7050-47CB-BCE6-2507E9DB86F2}.Debug|Any CPU.Build.0 = Debug|Any CPU
		{36AB0C95-7050-47CB-BCE6-2507E9DB86F2}.Release|Any CPU.ActiveCfg = Release|Any CPU
		{36AB0C95-7050-47CB-BCE6-2507E9DB86F2}.Release|Any CPU.Build.0 = Release|Any CPU
		{6BC564C2-C97B-4A29-A0E8-69D2279B2CA4}.Debug|Any CPU.ActiveCfg = Debug|Any CPU
		{6BC564C2-C97B-4A29-A0E8-69D2279B2CA4}.Debug|Any CPU.Build.0 = Debug|Any CPU
		{6BC564C2-C97B-4A29-A0E8-69D2279B2CA4}.Release|Any CPU.ActiveCfg = Release|Any CPU
		{6BC564C2-C97B-4A29-A0E8-69D2279B2CA4}.Release|Any CPU.Build.0 = Release|Any CPU
		{E1B403C9-5EFE-4D08-BAD4-352E394641BE}.Debug|Any CPU.ActiveCfg = Debug|Any CPU
		{E1B403C9-5EFE-4D08-BAD4-352E394641BE}.Debug|Any CPU.Build.0 = Debug|Any CPU
		{E1B403C9-5EFE-4D08-BAD4-352E394641BE}.Release|Any CPU.ActiveCfg = Release|Any CPU
		{E1B403C9-5EFE-4D08-BAD4-352E394641BE}.Release|Any CPU.Build.0 = Release|Any CPU
		{4113F965-0480-4243-BC6B-15A7B9910114}.Debug|Any CPU.ActiveCfg = Debug|Any CPU
		{4113F965-0480-4243-BC6B-15A7B9910114}.Debug|Any CPU.Build.0 = Debug|Any CPU
		{4113F965-0480-4243-BC6B-15A7B9910114}.Release|Any CPU.ActiveCfg = Release|Any CPU
		{4113F965-0480-4243-BC6B-15A7B9910114}.Release|Any CPU.Build.0 = Release|Any CPU
		{D35E8CD8-B065-48B2-A7AF-61D1A4305137}.Debug|Any CPU.ActiveCfg = Debug|Any CPU
		{D35E8CD8-B065-48B2-A7AF-61D1A4305137}.Debug|Any CPU.Build.0 = Debug|Any CPU
		{D35E8CD8-B065-48B2-A7AF-61D1A4305137}.Release|Any CPU.ActiveCfg = Release|Any CPU
		{D35E8CD8-B065-48B2-A7AF-61D1A4305137}.Release|Any CPU.Build.0 = Release|Any CPU
		{9813E265-C006-4300-A24F-638873BF61A3}.Debug|Any CPU.ActiveCfg = Debug|Any CPU
		{9813E265-C006-4300-A24F-638873BF61A3}.Debug|Any CPU.Build.0 = Debug|Any CPU
		{9813E265-C006-4300-A24F-638873BF61A3}.Release|Any CPU.ActiveCfg = Release|Any CPU
		{9813E265-C006-4300-A24F-638873BF61A3}.Release|Any CPU.Build.0 = Release|Any CPU
		{C225EDAC-A46C-45D0-85BF-7553357CDCDA}.Debug|Any CPU.ActiveCfg = Debug|Any CPU
		{C225EDAC-A46C-45D0-85BF-7553357CDCDA}.Debug|Any CPU.Build.0 = Debug|Any CPU
		{C225EDAC-A46C-45D0-85BF-7553357CDCDA}.Release|Any CPU.ActiveCfg = Release|Any CPU
		{C225EDAC-A46C-45D0-85BF-7553357CDCDA}.Release|Any CPU.Build.0 = Release|Any CPU
		{CDDFE2A6-064D-46D9-A0AD-E3D87276E20A}.Debug|Any CPU.ActiveCfg = Debug|Any CPU
		{CDDFE2A6-064D-46D9-A0AD-E3D87276E20A}.Debug|Any CPU.Build.0 = Debug|Any CPU
		{CDDFE2A6-064D-46D9-A0AD-E3D87276E20A}.Release|Any CPU.ActiveCfg = Release|Any CPU
		{CDDFE2A6-064D-46D9-A0AD-E3D87276E20A}.Release|Any CPU.Build.0 = Release|Any CPU
		{A593155D-9765-417E-980F-3C42473F0A53}.Debug|Any CPU.ActiveCfg = Debug|Any CPU
		{A593155D-9765-417E-980F-3C42473F0A53}.Debug|Any CPU.Build.0 = Debug|Any CPU
		{A593155D-9765-417E-980F-3C42473F0A53}.Release|Any CPU.ActiveCfg = Release|Any CPU
		{A593155D-9765-417E-980F-3C42473F0A53}.Release|Any CPU.Build.0 = Release|Any CPU
		{1F8FFD23-64A1-4640-BABA-6F3C76A563A5}.Debug|Any CPU.ActiveCfg = Debug|Any CPU
		{1F8FFD23-64A1-4640-BABA-6F3C76A563A5}.Debug|Any CPU.Build.0 = Debug|Any CPU
		{1F8FFD23-64A1-4640-BABA-6F3C76A563A5}.Release|Any CPU.ActiveCfg = Release|Any CPU
		{1F8FFD23-64A1-4640-BABA-6F3C76A563A5}.Release|Any CPU.Build.0 = Release|Any CPU
		{2FC9662B-1492-4B31-B0AF-886B09E8D415}.Debug|Any CPU.ActiveCfg = Debug|Any CPU
		{2FC9662B-1492-4B31-B0AF-886B09E8D415}.Debug|Any CPU.Build.0 = Debug|Any CPU
		{2FC9662B-1492-4B31-B0AF-886B09E8D415}.Release|Any CPU.ActiveCfg = Release|Any CPU
		{2FC9662B-1492-4B31-B0AF-886B09E8D415}.Release|Any CPU.Build.0 = Release|Any CPU
		{85FF2508-A7D0-45DD-A502-97B44FF738A6}.Debug|Any CPU.ActiveCfg = Debug|Any CPU
		{85FF2508-A7D0-45DD-A502-97B44FF738A6}.Debug|Any CPU.Build.0 = Debug|Any CPU
		{85FF2508-A7D0-45DD-A502-97B44FF738A6}.Release|Any CPU.ActiveCfg = Release|Any CPU
		{85FF2508-A7D0-45DD-A502-97B44FF738A6}.Release|Any CPU.Build.0 = Release|Any CPU
		{F373733D-6E55-4B32-85DF-E0B7131F9EE4}.Debug|Any CPU.ActiveCfg = Debug|Any CPU
		{F373733D-6E55-4B32-85DF-E0B7131F9EE4}.Debug|Any CPU.Build.0 = Debug|Any CPU
		{F373733D-6E55-4B32-85DF-E0B7131F9EE4}.Release|Any CPU.ActiveCfg = Release|Any CPU
		{F373733D-6E55-4B32-85DF-E0B7131F9EE4}.Release|Any CPU.Build.0 = Release|Any CPU
		{548A7A6F-4874-4A81-9B85-ECE45F855E37}.Debug|Any CPU.ActiveCfg = Debug|Any CPU
		{548A7A6F-4874-4A81-9B85-ECE45F855E37}.Debug|Any CPU.Build.0 = Debug|Any CPU
		{548A7A6F-4874-4A81-9B85-ECE45F855E37}.Release|Any CPU.ActiveCfg = Release|Any CPU
		{548A7A6F-4874-4A81-9B85-ECE45F855E37}.Release|Any CPU.Build.0 = Release|Any CPU
		{9CFB22D3-A9C1-48D4-A505-6BA2B1874211}.Debug|Any CPU.ActiveCfg = Debug|Any CPU
		{9CFB22D3-A9C1-48D4-A505-6BA2B1874211}.Debug|Any CPU.Build.0 = Debug|Any CPU
		{9CFB22D3-A9C1-48D4-A505-6BA2B1874211}.Release|Any CPU.ActiveCfg = Release|Any CPU
		{9CFB22D3-A9C1-48D4-A505-6BA2B1874211}.Release|Any CPU.Build.0 = Release|Any CPU
		{5D7714B1-8F3B-4363-B139-A308AA5D2DE9}.Debug|Any CPU.ActiveCfg = Debug|Any CPU
		{5D7714B1-8F3B-4363-B139-A308AA5D2DE9}.Debug|Any CPU.Build.0 = Debug|Any CPU
		{5D7714B1-8F3B-4363-B139-A308AA5D2DE9}.Release|Any CPU.ActiveCfg = Release|Any CPU
		{5D7714B1-8F3B-4363-B139-A308AA5D2DE9}.Release|Any CPU.Build.0 = Release|Any CPU
		{824231E5-6CA5-404B-95FA-81D45BFE5CC1}.Debug|Any CPU.ActiveCfg = Debug|Any CPU
		{824231E5-6CA5-404B-95FA-81D45BFE5CC1}.Debug|Any CPU.Build.0 = Debug|Any CPU
		{824231E5-6CA5-404B-95FA-81D45BFE5CC1}.Release|Any CPU.ActiveCfg = Release|Any CPU
		{824231E5-6CA5-404B-95FA-81D45BFE5CC1}.Release|Any CPU.Build.0 = Release|Any CPU
	EndGlobalSection
EndGlobal
